// !$*UTF8*$!
{
	archiveVersion = 1;
	classes = {
	};
	objectVersion = 46;
	objects = {

/* Begin PBXFileReference section */
		6C0AFBF016009FCA008FAF58 /* snv.py */ = {isa = PBXFileReference; lastKnownFileType = text.script.python; path = snv.py; sourceTree = "<group>"; };
		6CB376D014C4448700F58E13 /* CHANGELOG */ = {isa = PBXFileReference; lastKnownFileType = text; path = CHANGELOG; sourceTree = "<group>"; };
		6CB376D314C4448700F58E13 /* contain.cc */ = {isa = PBXFileReference; lastKnownFileType = sourcecode.cpp.cpp; path = contain.cc; sourceTree = "<group>"; };
		6CB376D414C4448700F58E13 /* dec.py */ = {isa = PBXFileReference; lastKnownFileType = text.script.python; path = dec.py; sourceTree = "<group>"; };
		6CB376D814C4448700F58E13 /* data_structures.h */ = {isa = PBXFileReference; lastKnownFileType = sourcecode.c.h; path = data_structures.h; sourceTree = "<group>"; };
		6CB376D914C4448700F58E13 /* doxyfile */ = {isa = PBXFileReference; lastKnownFileType = text; path = doxyfile; sourceTree = "<group>"; };
		6CB376DA14C4448700F58E13 /* dpm_sampler.cpp */ = {isa = PBXFileReference; lastKnownFileType = sourcecode.cpp.cpp; path = dpm_sampler.cpp; sourceTree = "<group>"; };
		6CB376DB14C4448700F58E13 /* dpm_sampler.h */ = {isa = PBXFileReference; lastKnownFileType = sourcecode.c.h; path = dpm_sampler.h; sourceTree = "<group>"; };
		6CB376DD14C4448700F58E13 /* fas2read.pl */ = {isa = PBXFileReference; lastKnownFileType = text.script.perl; path = fas2read.pl; sourceTree = "<group>"; };
		6CB376E014C4448700F58E13 /* freqEst.cc */ = {isa = PBXFileReference; lastKnownFileType = sourcecode.cpp.cpp; path = freqEst.cc; sourceTree = "<group>"; };
		6CB376E114C4448700F58E13 /* INSTALL */ = {isa = PBXFileReference; lastKnownFileType = text; path = INSTALL; sourceTree = "<group>"; };
		6CB376E214C4448700F58E13 /* LICENSE */ = {isa = PBXFileReference; lastKnownFileType = text; path = LICENSE; sourceTree = "<group>"; };
		6CB376E314C4448700F58E13 /* Makefile */ = {isa = PBXFileReference; lastKnownFileType = sourcecode.make; path = Makefile; sourceTree = "<group>"; };
		6CB376E414C4448700F58E13 /* mm.py */ = {isa = PBXFileReference; lastKnownFileType = text.script.python; path = mm.py; sourceTree = "<group>"; };
		6CB376E614C4448700F58E13 /* DNA.pm */ = {isa = PBXFileReference; lastKnownFileType = text.script.perl; path = DNA.pm; sourceTree = "<group>"; };
		6CB376E714C4448700F58E13 /* NikoUtil.pm */ = {isa = PBXFileReference; lastKnownFileType = text.script.perl; path = NikoUtil.pm; sourceTree = "<group>"; };
		6CB376E814C4448700F58E13 /* ReadUtil.pm */ = {isa = PBXFileReference; lastKnownFileType = text.script.perl; path = ReadUtil.pm; sourceTree = "<group>"; };
		6CB376E914C4448700F58E13 /* Util.pm */ = {isa = PBXFileReference; lastKnownFileType = text.script.perl; path = Util.pm; sourceTree = "<group>"; };
		6CB376ED14C4448700F58E13 /* __init__.py */ = {isa = PBXFileReference; lastKnownFileType = text.script.python; path = __init__.py; sourceTree = "<group>"; };
		6CB376F114C4448700F58E13 /* matching.py */ = {isa = PBXFileReference; lastKnownFileType = text.script.python; path = matching.py; sourceTree = "<group>"; };
		6CB376F414C4448700F58E13 /* README */ = {isa = PBXFileReference; lastKnownFileType = text; path = README; sourceTree = "<group>"; };
		6CB376F514C4448700F58E13 /* ref_genome.fasta */ = {isa = PBXFileReference; lastKnownFileType = text; path = ref_genome.fasta; sourceTree = "<group>"; };
		6CB376F814C4448700F58E13 /* HIV-reads.sam */ = {isa = PBXFileReference; lastKnownFileType = text; path = "HIV-reads.sam"; sourceTree = "<group>"; };
		6CB376F914C4448700F58E13 /* HIV-ref.fasta */ = {isa = PBXFileReference; lastKnownFileType = text; path = "HIV-ref.fasta"; sourceTree = "<group>"; };
		6CB376FA14C4448700F58E13 /* HIV-ref.fasta.fai */ = {isa = PBXFileReference; lastKnownFileType = text; path = "HIV-ref.fasta.fai"; sourceTree = "<group>"; };
		6CB376FB14C4448700F58E13 /* sample_454.fasta */ = {isa = PBXFileReference; lastKnownFileType = text; path = sample_454.fasta; sourceTree = "<group>"; };
		6CB376FC14C4448700F58E13 /* shorah.py */ = {isa = PBXFileReference; lastKnownFileType = text.script.python; path = shorah.py; sourceTree = "<group>"; };
		6CC8EEB515F8DAE3004403CF /* b2w_src */ = {isa = PBXFileReference; lastKnownFileType = folder; path = b2w_src; sourceTree = "<group>"; };
		6CC8EEB715F8DE98004403CF /* filter_src */ = {isa = PBXFileReference; lastKnownFileType = folder; path = filter_src; sourceTree = "<group>"; };
		6CF29F021609D88B009A5355 /* samtools */ = {isa = PBXFileReference; lastKnownFileType = folder; path = samtools; sourceTree = "<group>"; };
/* End PBXFileReference section */

/* Begin PBXGroup section */
		6CB376C614C4444000F58E13 = {
			isa = PBXGroup;
			children = (
				6CF29F021609D88B009A5355 /* samtools */,
				6CC8EEB715F8DE98004403CF /* filter_src */,
				6CC8EEB515F8DAE3004403CF /* b2w_src */,
				6CB376D014C4448700F58E13 /* CHANGELOG */,
				6CB376D214C4448700F58E13 /* contain_src */,
				6CB376D414C4448700F58E13 /* dec.py */,
				6CB376D714C4448700F58E13 /* dpm_src */,
				6CB376DD14C4448700F58E13 /* fas2read.pl */,
				6CB376DF14C4448700F58E13 /* freqEst_src */,
				6CB376E114C4448700F58E13 /* INSTALL */,
				6CB376E214C4448700F58E13 /* LICENSE */,
				6CB376E314C4448700F58E13 /* Makefile */,
				6CB376E414C4448700F58E13 /* mm.py */,
				6CB376E514C4448700F58E13 /* perllib */,
				6CB376EC14C4448700F58E13 /* pythonlib */,
				6CB376F414C4448700F58E13 /* README */,
				6CB376F514C4448700F58E13 /* ref_genome.fasta */,
				6CB376F714C4448700F58E13 /* sam_files */,
				6CB376FB14C4448700F58E13 /* sample_454.fasta */,
				6CB376FC14C4448700F58E13 /* shorah.py */,
				6C0AFBF016009FCA008FAF58 /* snv.py */,
			);
			sourceTree = "<group>";
		};
		6CB376D214C4448700F58E13 /* contain_src */ = {
			isa = PBXGroup;
			children = (
				6CB376D314C4448700F58E13 /* contain.cc */,
			);
			path = contain_src;
			sourceTree = "<group>";
		};
		6CB376D714C4448700F58E13 /* dpm_src */ = {
			isa = PBXGroup;
			children = (
				6CB376D814C4448700F58E13 /* data_structures.h */,
				6CB376D914C4448700F58E13 /* doxyfile */,
				6CB376DA14C4448700F58E13 /* dpm_sampler.cpp */,
				6CB376DB14C4448700F58E13 /* dpm_sampler.h */,
			);
			path = dpm_src;
			sourceTree = "<group>";
		};
		6CB376DF14C4448700F58E13 /* freqEst_src */ = {
			isa = PBXGroup;
			children = (
				6CB376E014C4448700F58E13 /* freqEst.cc */,
			);
			path = freqEst_src;
			sourceTree = "<group>";
		};
		6CB376E514C4448700F58E13 /* perllib */ = {
			isa = PBXGroup;
			children = (
				6CB376E614C4448700F58E13 /* DNA.pm */,
				6CB376E714C4448700F58E13 /* NikoUtil.pm */,
				6CB376E814C4448700F58E13 /* ReadUtil.pm */,
				6CB376E914C4448700F58E13 /* Util.pm */,
			);
			path = perllib;
			sourceTree = "<group>";
		};
		6CB376EC14C4448700F58E13 /* pythonlib */ = {
			isa = PBXGroup;
			children = (
				6CB376ED14C4448700F58E13 /* __init__.py */,
				6CB376F114C4448700F58E13 /* matching.py */,
			);
			path = pythonlib;
			sourceTree = "<group>";
		};
		6CB376F714C4448700F58E13 /* sam_files */ = {
			isa = PBXGroup;
			children = (
				6CB376F814C4448700F58E13 /* HIV-reads.sam */,
				6CB376F914C4448700F58E13 /* HIV-ref.fasta */,
				6CB376FA14C4448700F58E13 /* HIV-ref.fasta.fai */,
			);
			path = sam_files;
			sourceTree = "<group>";
		};
/* End PBXGroup section */

/* Begin PBXLegacyTarget section */
		6C3A62B814C57E32002E92F9 /* diri_sampler */ = {
			isa = PBXLegacyTarget;
			buildArgumentsString = "";
			buildConfigurationList = 6C3A62BB14C57E32002E92F9 /* Build configuration list for PBXLegacyTarget "diri_sampler" */;
			buildPhases = (
			);
			buildToolPath = /usr/bin/make;
			buildWorkingDirectory = "";
			dependencies = (
			);
			name = diri_sampler;
			passBuildSettingsInEnvironment = 1;
			productName = diri_sampler;
		};
/* End PBXLegacyTarget section */

/* Begin PBXProject section */
		6CB376C814C4444000F58E13 /* Project object */ = {
			isa = PBXProject;
			attributes = {
				LastUpgradeCheck = 0450;
			};
			buildConfigurationList = 6CB376CB14C4444000F58E13 /* Build configuration list for PBXProject "ShoRAH_project" */;
			compatibilityVersion = "Xcode 3.2";
			developmentRegion = English;
			hasScannedForEncodings = 0;
			knownRegions = (
				en,
			);
			mainGroup = 6CB376C614C4444000F58E13;
			projectDirPath = "";
			projectRoot = "";
			targets = (
				6C3A62B814C57E32002E92F9 /* diri_sampler */,
			);
		};
/* End PBXProject section */

/* Begin XCBuildConfiguration section */
		6C3A62B914C57E32002E92F9 /* Debug */ = {
			isa = XCBuildConfiguration;
			buildSettings = {
				ALWAYS_SEARCH_USER_PATHS = NO;
				ARCHS = "$(ARCHS_STANDARD_64_BIT)";
				CLANG_ENABLE_OBJC_ARC = YES;
				COMBINE_HIDPI_IMAGES = YES;
				COPY_PHASE_STRIP = NO;
				DEBUGGING_SYMBOLS = YES;
				GCC_C_LANGUAGE_STANDARD = gnu99;
				GCC_DYNAMIC_NO_PIC = NO;
				GCC_ENABLE_OBJC_EXCEPTIONS = YES;
				GCC_GENERATE_DEBUGGING_SYMBOLS = YES;
				GCC_OPTIMIZATION_LEVEL = 0;
				GCC_PREPROCESSOR_DEFINITIONS = (
					"DEBUG=1",
					"$(inherited)",
				);
				GCC_SYMBOLS_PRIVATE_EXTERN = NO;
				GCC_VERSION = com.apple.compilers.llvm.clang.1_0;
				GCC_WARN_64_TO_32_BIT_CONVERSION = YES;
				GCC_WARN_ABOUT_MISSING_PROTOTYPES = YES;
				GCC_WARN_ABOUT_RETURN_TYPE = YES;
				GCC_WARN_UNUSED_VARIABLE = YES;
				MACOSX_DEPLOYMENT_TARGET = 10.7;
				ONLY_ACTIVE_ARCH = YES;
				OTHER_CFLAGS = "";
				OTHER_LDFLAGS = "";
				PRODUCT_NAME = "$(TARGET_NAME)";
				SDKROOT = macosx;
			};
			name = Debug;
		};
		6C3A62BA14C57E32002E92F9 /* Release */ = {
			isa = XCBuildConfiguration;
			buildSettings = {
				ALWAYS_SEARCH_USER_PATHS = NO;
				ARCHS = "$(ARCHS_STANDARD_64_BIT)";
				CLANG_ENABLE_OBJC_ARC = YES;
				COMBINE_HIDPI_IMAGES = YES;
				COPY_PHASE_STRIP = YES;
				DEBUG_INFORMATION_FORMAT = "dwarf-with-dsym";
				GCC_C_LANGUAGE_STANDARD = gnu99;
				GCC_ENABLE_OBJC_EXCEPTIONS = YES;
				GCC_VERSION = com.apple.compilers.llvm.clang.1_0;
				GCC_WARN_64_TO_32_BIT_CONVERSION = YES;
				GCC_WARN_ABOUT_MISSING_PROTOTYPES = YES;
				GCC_WARN_ABOUT_RETURN_TYPE = YES;
				GCC_WARN_UNUSED_VARIABLE = YES;
				MACOSX_DEPLOYMENT_TARGET = 10.7;
				OTHER_CFLAGS = "";
				OTHER_LDFLAGS = "";
				PRODUCT_NAME = "$(TARGET_NAME)";
				SDKROOT = macosx;
			};
			name = Release;
		};
		6CB376CD14C4444000F58E13 /* Debug */ = {
			isa = XCBuildConfiguration;
			buildSettings = {
			};
			name = Debug;
		};
		6CB376CE14C4444000F58E13 /* Release */ = {
			isa = XCBuildConfiguration;
			buildSettings = {
			};
			name = Release;
		};
/* End XCBuildConfiguration section */

/* Begin XCConfigurationList section */
		6C3A62BB14C57E32002E92F9 /* Build configuration list for PBXLegacyTarget "diri_sampler" */ = {
			isa = XCConfigurationList;
			buildConfigurations = (
				6C3A62B914C57E32002E92F9 /* Debug */,
				6C3A62BA14C57E32002E92F9 /* Release */,
			);
			defaultConfigurationIsVisible = 0;
			defaultConfigurationName = Release;
		};
		6CB376CB14C4444000F58E13 /* Build configuration list for PBXProject "ShoRAH_project" */ = {
			isa = XCConfigurationList;
			buildConfigurations = (
				6CB376CD14C4444000F58E13 /* Debug */,
				6CB376CE14C4444000F58E13 /* Release */,
			);
			defaultConfigurationIsVisible = 0;
			defaultConfigurationName = Release;
		};
/* End XCConfigurationList section */
	};
	rootObject = 6CB376C814C4444000F58E13 /* Project object */;
}
