// !$*UTF8*$!
{
	archiveVersion = 1;
	classes = {
	};
	objectVersion = 46;
	objects = {

/* Begin PBXFileReference section */
		6CF29E901609D864009A5355 /* AUTHORS */ = {isa = PBXFileReference; lastKnownFileType = text; path = AUTHORS; sourceTree = "<group>"; };
		6CF29E911609D865009A5355 /* bam.c */ = {isa = PBXFileReference; lastKnownFileType = sourcecode.c.c; path = bam.c; sourceTree = "<group>"; };
		6CF29E921609D865009A5355 /* bam.h */ = {isa = PBXFileReference; lastKnownFileType = sourcecode.c.h; path = bam.h; sourceTree = "<group>"; };
		6CF29E931609D865009A5355 /* bam.o */ = {isa = PBXFileReference; lastKnownFileType = "compiled.mach-o.objfile"; path = bam.o; sourceTree = "<group>"; };
		6CF29E941609D865009A5355 /* bam2bcf.c */ = {isa = PBXFileReference; lastKnownFileType = sourcecode.c.c; path = bam2bcf.c; sourceTree = "<group>"; };
		6CF29E951609D865009A5355 /* bam2bcf.h */ = {isa = PBXFileReference; lastKnownFileType = sourcecode.c.h; path = bam2bcf.h; sourceTree = "<group>"; };
		6CF29E961609D865009A5355 /* bam2bcf.o */ = {isa = PBXFileReference; lastKnownFileType = "compiled.mach-o.objfile"; path = bam2bcf.o; sourceTree = "<group>"; };
		6CF29E971609D865009A5355 /* bam2bcf_indel.c */ = {isa = PBXFileReference; lastKnownFileType = sourcecode.c.c; path = bam2bcf_indel.c; sourceTree = "<group>"; };
		6CF29E981609D865009A5355 /* bam2bcf_indel.o */ = {isa = PBXFileReference; lastKnownFileType = "compiled.mach-o.objfile"; path = bam2bcf_indel.o; sourceTree = "<group>"; };
		6CF29E991609D865009A5355 /* bam2depth.c */ = {isa = PBXFileReference; lastKnownFileType = sourcecode.c.c; path = bam2depth.c; sourceTree = "<group>"; };
		6CF29E9A1609D865009A5355 /* bam2depth.o */ = {isa = PBXFileReference; lastKnownFileType = "compiled.mach-o.objfile"; path = bam2depth.o; sourceTree = "<group>"; };
		6CF29E9B1609D865009A5355 /* bam_aux.c */ = {isa = PBXFileReference; lastKnownFileType = sourcecode.c.c; path = bam_aux.c; sourceTree = "<group>"; };
		6CF29E9C1609D865009A5355 /* bam_aux.o */ = {isa = PBXFileReference; lastKnownFileType = "compiled.mach-o.objfile"; path = bam_aux.o; sourceTree = "<group>"; };
		6CF29E9D1609D865009A5355 /* bam_cat.c */ = {isa = PBXFileReference; lastKnownFileType = sourcecode.c.c; path = bam_cat.c; sourceTree = "<group>"; };
		6CF29E9E1609D865009A5355 /* bam_cat.o */ = {isa = PBXFileReference; lastKnownFileType = "compiled.mach-o.objfile"; path = bam_cat.o; sourceTree = "<group>"; };
		6CF29E9F1609D865009A5355 /* bam_color.c */ = {isa = PBXFileReference; lastKnownFileType = sourcecode.c.c; path = bam_color.c; sourceTree = "<group>"; };
		6CF29EA01609D865009A5355 /* bam_color.o */ = {isa = PBXFileReference; lastKnownFileType = "compiled.mach-o.objfile"; path = bam_color.o; sourceTree = "<group>"; };
		6CF29EA11609D865009A5355 /* bam_endian.h */ = {isa = PBXFileReference; lastKnownFileType = sourcecode.c.h; path = bam_endian.h; sourceTree = "<group>"; };
		6CF29EA21609D865009A5355 /* bam_import.c */ = {isa = PBXFileReference; lastKnownFileType = sourcecode.c.c; path = bam_import.c; sourceTree = "<group>"; };
		6CF29EA31609D865009A5355 /* bam_import.o */ = {isa = PBXFileReference; lastKnownFileType = "compiled.mach-o.objfile"; path = bam_import.o; sourceTree = "<group>"; };
		6CF29EA41609D865009A5355 /* bam_index.c */ = {isa = PBXFileReference; lastKnownFileType = sourcecode.c.c; path = bam_index.c; sourceTree = "<group>"; };
		6CF29EA51609D865009A5355 /* bam_index.o */ = {isa = PBXFileReference; lastKnownFileType = "compiled.mach-o.objfile"; path = bam_index.o; sourceTree = "<group>"; };
		6CF29EA61609D865009A5355 /* bam_lpileup.c */ = {isa = PBXFileReference; lastKnownFileType = sourcecode.c.c; path = bam_lpileup.c; sourceTree = "<group>"; };
		6CF29EA71609D865009A5355 /* bam_lpileup.o */ = {isa = PBXFileReference; lastKnownFileType = "compiled.mach-o.objfile"; path = bam_lpileup.o; sourceTree = "<group>"; };
		6CF29EA81609D865009A5355 /* bam_mate.c */ = {isa = PBXFileReference; lastKnownFileType = sourcecode.c.c; path = bam_mate.c; sourceTree = "<group>"; };
		6CF29EA91609D865009A5355 /* bam_mate.o */ = {isa = PBXFileReference; lastKnownFileType = "compiled.mach-o.objfile"; path = bam_mate.o; sourceTree = "<group>"; };
		6CF29EAA1609D865009A5355 /* bam_md.c */ = {isa = PBXFileReference; lastKnownFileType = sourcecode.c.c; path = bam_md.c; sourceTree = "<group>"; };
		6CF29EAB1609D865009A5355 /* bam_md.o */ = {isa = PBXFileReference; lastKnownFileType = "compiled.mach-o.objfile"; path = bam_md.o; sourceTree = "<group>"; };
		6CF29EAC1609D865009A5355 /* bam_pileup.c */ = {isa = PBXFileReference; lastKnownFileType = sourcecode.c.c; path = bam_pileup.c; sourceTree = "<group>"; };
		6CF29EAD1609D865009A5355 /* bam_pileup.o */ = {isa = PBXFileReference; lastKnownFileType = "compiled.mach-o.objfile"; path = bam_pileup.o; sourceTree = "<group>"; };
		6CF29EAE1609D865009A5355 /* bam_plcmd.c */ = {isa = PBXFileReference; lastKnownFileType = sourcecode.c.c; path = bam_plcmd.c; sourceTree = "<group>"; };
		6CF29EAF1609D865009A5355 /* bam_plcmd.o */ = {isa = PBXFileReference; lastKnownFileType = "compiled.mach-o.objfile"; path = bam_plcmd.o; sourceTree = "<group>"; };
		6CF29EB01609D865009A5355 /* bam_reheader.c */ = {isa = PBXFileReference; lastKnownFileType = sourcecode.c.c; path = bam_reheader.c; sourceTree = "<group>"; };
		6CF29EB11609D865009A5355 /* bam_reheader.o */ = {isa = PBXFileReference; lastKnownFileType = "compiled.mach-o.objfile"; path = bam_reheader.o; sourceTree = "<group>"; };
		6CF29EB21609D865009A5355 /* bam_rmdup.c */ = {isa = PBXFileReference; lastKnownFileType = sourcecode.c.c; path = bam_rmdup.c; sourceTree = "<group>"; };
		6CF29EB31609D865009A5355 /* bam_rmdup.o */ = {isa = PBXFileReference; lastKnownFileType = "compiled.mach-o.objfile"; path = bam_rmdup.o; sourceTree = "<group>"; };
		6CF29EB41609D865009A5355 /* bam_rmdupse.c */ = {isa = PBXFileReference; lastKnownFileType = sourcecode.c.c; path = bam_rmdupse.c; sourceTree = "<group>"; };
		6CF29EB51609D865009A5355 /* bam_rmdupse.o */ = {isa = PBXFileReference; lastKnownFileType = "compiled.mach-o.objfile"; path = bam_rmdupse.o; sourceTree = "<group>"; };
		6CF29EB61609D865009A5355 /* bam_sort.c */ = {isa = PBXFileReference; lastKnownFileType = sourcecode.c.c; path = bam_sort.c; sourceTree = "<group>"; };
		6CF29EB71609D865009A5355 /* bam_sort.o */ = {isa = PBXFileReference; lastKnownFileType = "compiled.mach-o.objfile"; path = bam_sort.o; sourceTree = "<group>"; };
		6CF29EB81609D865009A5355 /* bam_stat.c */ = {isa = PBXFileReference; lastKnownFileType = sourcecode.c.c; path = bam_stat.c; sourceTree = "<group>"; };
		6CF29EB91609D865009A5355 /* bam_stat.o */ = {isa = PBXFileReference; lastKnownFileType = "compiled.mach-o.objfile"; path = bam_stat.o; sourceTree = "<group>"; };
		6CF29EBA1609D865009A5355 /* bam_tview.c */ = {isa = PBXFileReference; lastKnownFileType = sourcecode.c.c; path = bam_tview.c; sourceTree = "<group>"; };
		6CF29EBB1609D865009A5355 /* bam_tview.o */ = {isa = PBXFileReference; lastKnownFileType = "compiled.mach-o.objfile"; path = bam_tview.o; sourceTree = "<group>"; };
		6CF29EBC1609D865009A5355 /* bamtk.c */ = {isa = PBXFileReference; lastKnownFileType = sourcecode.c.c; path = bamtk.c; sourceTree = "<group>"; };
		6CF29EBD1609D865009A5355 /* bamtk.o */ = {isa = PBXFileReference; lastKnownFileType = "compiled.mach-o.objfile"; path = bamtk.o; sourceTree = "<group>"; };
		6CF29EBE1609D865009A5355 /* bcftools */ = {isa = PBXFileReference; lastKnownFileType = folder; path = bcftools; sourceTree = "<group>"; };
		6CF29EBF1609D865009A5355 /* bedidx.c */ = {isa = PBXFileReference; lastKnownFileType = sourcecode.c.c; path = bedidx.c; sourceTree = "<group>"; };
		6CF29EC01609D865009A5355 /* bedidx.o */ = {isa = PBXFileReference; lastKnownFileType = "compiled.mach-o.objfile"; path = bedidx.o; sourceTree = "<group>"; };
		6CF29EC11609D865009A5355 /* bgzf.c */ = {isa = PBXFileReference; lastKnownFileType = sourcecode.c.c; path = bgzf.c; sourceTree = "<group>"; };
		6CF29EC21609D865009A5355 /* bgzf.h */ = {isa = PBXFileReference; lastKnownFileType = sourcecode.c.h; path = bgzf.h; sourceTree = "<group>"; };
		6CF29EC31609D865009A5355 /* bgzf.o */ = {isa = PBXFileReference; lastKnownFileType = "compiled.mach-o.objfile"; path = bgzf.o; sourceTree = "<group>"; };
		6CF29EC41609D865009A5355 /* bgzip.c */ = {isa = PBXFileReference; lastKnownFileType = sourcecode.c.c; path = bgzip.c; sourceTree = "<group>"; };
		6CF29EC51609D865009A5355 /* ChangeLog */ = {isa = PBXFileReference; lastKnownFileType = text; path = ChangeLog; sourceTree = "<group>"; };
		6CF29EC61609D865009A5355 /* COPYING */ = {isa = PBXFileReference; lastKnownFileType = text; path = COPYING; sourceTree = "<group>"; };
		6CF29EC71609D865009A5355 /* cut_target.c */ = {isa = PBXFileReference; lastKnownFileType = sourcecode.c.c; path = cut_target.c; sourceTree = "<group>"; };
		6CF29EC81609D865009A5355 /* cut_target.o */ = {isa = PBXFileReference; lastKnownFileType = "compiled.mach-o.objfile"; path = cut_target.o; sourceTree = "<group>"; };
		6CF29EC91609D865009A5355 /* errmod.c */ = {isa = PBXFileReference; lastKnownFileType = sourcecode.c.c; path = errmod.c; sourceTree = "<group>"; };
		6CF29ECA1609D865009A5355 /* errmod.h */ = {isa = PBXFileReference; lastKnownFileType = sourcecode.c.h; path = errmod.h; sourceTree = "<group>"; };
		6CF29ECB1609D865009A5355 /* errmod.o */ = {isa = PBXFileReference; lastKnownFileType = "compiled.mach-o.objfile"; path = errmod.o; sourceTree = "<group>"; };
		6CF29ECC1609D865009A5355 /* examples */ = {isa = PBXFileReference; lastKnownFileType = folder; path = examples; sourceTree = "<group>"; };
		6CF29ECD1609D865009A5355 /* faidx.c */ = {isa = PBXFileReference; lastKnownFileType = sourcecode.c.c; path = faidx.c; sourceTree = "<group>"; };
		6CF29ECE1609D865009A5355 /* faidx.h */ = {isa = PBXFileReference; lastKnownFileType = sourcecode.c.h; path = faidx.h; sourceTree = "<group>"; };
		6CF29ECF1609D865009A5355 /* faidx.o */ = {isa = PBXFileReference; lastKnownFileType = "compiled.mach-o.objfile"; path = faidx.o; sourceTree = "<group>"; };
		6CF29ED01609D865009A5355 /* INSTALL */ = {isa = PBXFileReference; lastKnownFileType = text; path = INSTALL; sourceTree = "<group>"; };
		6CF29ED11609D865009A5355 /* kaln.c */ = {isa = PBXFileReference; lastKnownFileType = sourcecode.c.c; path = kaln.c; sourceTree = "<group>"; };
		6CF29ED21609D865009A5355 /* kaln.h */ = {isa = PBXFileReference; lastKnownFileType = sourcecode.c.h; path = kaln.h; sourceTree = "<group>"; };
		6CF29ED31609D865009A5355 /* kaln.o */ = {isa = PBXFileReference; lastKnownFileType = "compiled.mach-o.objfile"; path = kaln.o; sourceTree = "<group>"; };
		6CF29ED41609D865009A5355 /* khash.h */ = {isa = PBXFileReference; lastKnownFileType = sourcecode.c.h; path = khash.h; sourceTree = "<group>"; };
		6CF29ED51609D865009A5355 /* klist.h */ = {isa = PBXFileReference; lastKnownFileType = sourcecode.c.h; path = klist.h; sourceTree = "<group>"; };
		6CF29ED61609D865009A5355 /* knetfile.c */ = {isa = PBXFileReference; lastKnownFileType = sourcecode.c.c; path = knetfile.c; sourceTree = "<group>"; };
		6CF29ED71609D865009A5355 /* knetfile.h */ = {isa = PBXFileReference; lastKnownFileType = sourcecode.c.h; path = knetfile.h; sourceTree = "<group>"; };
		6CF29ED81609D865009A5355 /* knetfile.o */ = {isa = PBXFileReference; lastKnownFileType = "compiled.mach-o.objfile"; path = knetfile.o; sourceTree = "<group>"; };
		6CF29ED91609D865009A5355 /* kprobaln.c */ = {isa = PBXFileReference; lastKnownFileType = sourcecode.c.c; path = kprobaln.c; sourceTree = "<group>"; };
		6CF29EDA1609D865009A5355 /* kprobaln.h */ = {isa = PBXFileReference; lastKnownFileType = sourcecode.c.h; path = kprobaln.h; sourceTree = "<group>"; };
		6CF29EDB1609D865009A5355 /* kprobaln.o */ = {isa = PBXFileReference; lastKnownFileType = "compiled.mach-o.objfile"; path = kprobaln.o; sourceTree = "<group>"; };
		6CF29EDC1609D865009A5355 /* kseq.h */ = {isa = PBXFileReference; lastKnownFileType = sourcecode.c.h; path = kseq.h; sourceTree = "<group>"; };
		6CF29EDD1609D865009A5355 /* ksort.h */ = {isa = PBXFileReference; lastKnownFileType = sourcecode.c.h; path = ksort.h; sourceTree = "<group>"; };
		6CF29EDE1609D865009A5355 /* kstring.c */ = {isa = PBXFileReference; lastKnownFileType = sourcecode.c.c; path = kstring.c; sourceTree = "<group>"; };
		6CF29EDF1609D865009A5355 /* kstring.h */ = {isa = PBXFileReference; lastKnownFileType = sourcecode.c.h; path = kstring.h; sourceTree = "<group>"; };
		6CF29EE01609D865009A5355 /* kstring.o */ = {isa = PBXFileReference; lastKnownFileType = "compiled.mach-o.objfile"; path = kstring.o; sourceTree = "<group>"; };
		6CF29EE11609D865009A5355 /* libbam.a */ = {isa = PBXFileReference; lastKnownFileType = archive.ar; path = libbam.a; sourceTree = "<group>"; };
		6CF29EE21609D865009A5355 /* Makefile */ = {isa = PBXFileReference; lastKnownFileType = sourcecode.make; path = Makefile; sourceTree = "<group>"; };
		6CF29EE31609D865009A5355 /* Makefile.mingw */ = {isa = PBXFileReference; lastKnownFileType = text; path = Makefile.mingw; sourceTree = "<group>"; };
		6CF29EE41609D865009A5355 /* misc */ = {isa = PBXFileReference; lastKnownFileType = folder; path = misc; sourceTree = "<group>"; };
		6CF29EE51609D865009A5355 /* NEWS */ = {isa = PBXFileReference; lastKnownFileType = text; path = NEWS; sourceTree = "<group>"; };
		6CF29EE61609D865009A5355 /* phase.c */ = {isa = PBXFileReference; lastKnownFileType = sourcecode.c.c; path = phase.c; sourceTree = "<group>"; };
		6CF29EE71609D865009A5355 /* phase.o */ = {isa = PBXFileReference; lastKnownFileType = "compiled.mach-o.objfile"; path = phase.o; sourceTree = "<group>"; };
		6CF29EE81609D865009A5355 /* razf.c */ = {isa = PBXFileReference; lastKnownFileType = sourcecode.c.c; path = razf.c; sourceTree = "<group>"; };
		6CF29EE91609D865009A5355 /* razf.h */ = {isa = PBXFileReference; lastKnownFileType = sourcecode.c.h; path = razf.h; sourceTree = "<group>"; };
		6CF29EEA1609D865009A5355 /* razf.o */ = {isa = PBXFileReference; lastKnownFileType = "compiled.mach-o.objfile"; path = razf.o; sourceTree = "<group>"; };
		6CF29EEB1609D865009A5355 /* razip.c */ = {isa = PBXFileReference; lastKnownFileType = sourcecode.c.c; path = razip.c; sourceTree = "<group>"; };
		6CF29EEC1609D865009A5355 /* sam.c */ = {isa = PBXFileReference; lastKnownFileType = sourcecode.c.c; path = sam.c; sourceTree = "<group>"; };
		6CF29EED1609D865009A5355 /* sam.h */ = {isa = PBXFileReference; lastKnownFileType = sourcecode.c.h; path = sam.h; sourceTree = "<group>"; };
		6CF29EEE1609D865009A5355 /* sam.o */ = {isa = PBXFileReference; lastKnownFileType = "compiled.mach-o.objfile"; path = sam.o; sourceTree = "<group>"; };
		6CF29EEF1609D865009A5355 /* sam_header.c */ = {isa = PBXFileReference; lastKnownFileType = sourcecode.c.c; path = sam_header.c; sourceTree = "<group>"; };
		6CF29EF01609D865009A5355 /* sam_header.h */ = {isa = PBXFileReference; lastKnownFileType = sourcecode.c.h; path = sam_header.h; sourceTree = "<group>"; };
		6CF29EF11609D865009A5355 /* sam_header.o */ = {isa = PBXFileReference; lastKnownFileType = "compiled.mach-o.objfile"; path = sam_header.o; sourceTree = "<group>"; };
		6CF29EF21609D865009A5355 /* sam_view.c */ = {isa = PBXFileReference; lastKnownFileType = sourcecode.c.c; path = sam_view.c; sourceTree = "<group>"; };
		6CF29EF31609D865009A5355 /* sam_view.o */ = {isa = PBXFileReference; lastKnownFileType = "compiled.mach-o.objfile"; path = sam_view.o; sourceTree = "<group>"; };
		6CF29EF41609D865009A5355 /* sample.c */ = {isa = PBXFileReference; lastKnownFileType = sourcecode.c.c; path = sample.c; sourceTree = "<group>"; };
		6CF29EF51609D865009A5355 /* sample.h */ = {isa = PBXFileReference; lastKnownFileType = sourcecode.c.h; path = sample.h; sourceTree = "<group>"; };
		6CF29EF61609D865009A5355 /* sample.o */ = {isa = PBXFileReference; lastKnownFileType = "compiled.mach-o.objfile"; path = sample.o; sourceTree = "<group>"; };
		6CF29EF71609D865009A5355 /* samtools */ = {isa = PBXFileReference; lastKnownFileType = "compiled.mach-o.executable"; path = samtools; sourceTree = "<group>"; };
		6CF29EF81609D865009A5355 /* samtools.1 */ = {isa = PBXFileReference; lastKnownFileType = text.man; path = samtools.1; sourceTree = "<group>"; };
		6CF29EF91609D865009A5355 /* win32 */ = {isa = PBXFileReference; lastKnownFileType = folder; path = win32; sourceTree = "<group>"; };
/* End PBXFileReference section */

/* Begin PBXGroup section */
		6CF29E881609D864009A5355 = {
			isa = PBXGroup;
			children = (
				6CF29E901609D864009A5355 /* AUTHORS */,
				6CF29E911609D865009A5355 /* bam.c */,
				6CF29E921609D865009A5355 /* bam.h */,
				6CF29E931609D865009A5355 /* bam.o */,
				6CF29E941609D865009A5355 /* bam2bcf.c */,
				6CF29E951609D865009A5355 /* bam2bcf.h */,
				6CF29E961609D865009A5355 /* bam2bcf.o */,
				6CF29E971609D865009A5355 /* bam2bcf_indel.c */,
				6CF29E981609D865009A5355 /* bam2bcf_indel.o */,
				6CF29E991609D865009A5355 /* bam2depth.c */,
				6CF29E9A1609D865009A5355 /* bam2depth.o */,
				6CF29E9B1609D865009A5355 /* bam_aux.c */,
				6CF29E9C1609D865009A5355 /* bam_aux.o */,
				6CF29E9D1609D865009A5355 /* bam_cat.c */,
				6CF29E9E1609D865009A5355 /* bam_cat.o */,
				6CF29E9F1609D865009A5355 /* bam_color.c */,
				6CF29EA01609D865009A5355 /* bam_color.o */,
				6CF29EA11609D865009A5355 /* bam_endian.h */,
				6CF29EA21609D865009A5355 /* bam_import.c */,
				6CF29EA31609D865009A5355 /* bam_import.o */,
				6CF29EA41609D865009A5355 /* bam_index.c */,
				6CF29EA51609D865009A5355 /* bam_index.o */,
				6CF29EA61609D865009A5355 /* bam_lpileup.c */,
				6CF29EA71609D865009A5355 /* bam_lpileup.o */,
				6CF29EA81609D865009A5355 /* bam_mate.c */,
				6CF29EA91609D865009A5355 /* bam_mate.o */,
				6CF29EAA1609D865009A5355 /* bam_md.c */,
				6CF29EAB1609D865009A5355 /* bam_md.o */,
				6CF29EAC1609D865009A5355 /* bam_pileup.c */,
				6CF29EAD1609D865009A5355 /* bam_pileup.o */,
				6CF29EAE1609D865009A5355 /* bam_plcmd.c */,
				6CF29EAF1609D865009A5355 /* bam_plcmd.o */,
				6CF29EB01609D865009A5355 /* bam_reheader.c */,
				6CF29EB11609D865009A5355 /* bam_reheader.o */,
				6CF29EB21609D865009A5355 /* bam_rmdup.c */,
				6CF29EB31609D865009A5355 /* bam_rmdup.o */,
				6CF29EB41609D865009A5355 /* bam_rmdupse.c */,
				6CF29EB51609D865009A5355 /* bam_rmdupse.o */,
				6CF29EB61609D865009A5355 /* bam_sort.c */,
				6CF29EB71609D865009A5355 /* bam_sort.o */,
				6CF29EB81609D865009A5355 /* bam_stat.c */,
				6CF29EB91609D865009A5355 /* bam_stat.o */,
				6CF29EBA1609D865009A5355 /* bam_tview.c */,
				6CF29EBB1609D865009A5355 /* bam_tview.o */,
				6CF29EBC1609D865009A5355 /* bamtk.c */,
				6CF29EBD1609D865009A5355 /* bamtk.o */,
				6CF29EBE1609D865009A5355 /* bcftools */,
				6CF29EBF1609D865009A5355 /* bedidx.c */,
				6CF29EC01609D865009A5355 /* bedidx.o */,
				6CF29EC11609D865009A5355 /* bgzf.c */,
				6CF29EC21609D865009A5355 /* bgzf.h */,
				6CF29EC31609D865009A5355 /* bgzf.o */,
				6CF29EC41609D865009A5355 /* bgzip.c */,
				6CF29EC51609D865009A5355 /* ChangeLog */,
				6CF29EC61609D865009A5355 /* COPYING */,
				6CF29EC71609D865009A5355 /* cut_target.c */,
				6CF29EC81609D865009A5355 /* cut_target.o */,
				6CF29EC91609D865009A5355 /* errmod.c */,
				6CF29ECA1609D865009A5355 /* errmod.h */,
				6CF29ECB1609D865009A5355 /* errmod.o */,
				6CF29ECC1609D865009A5355 /* examples */,
				6CF29ECD1609D865009A5355 /* faidx.c */,
				6CF29ECE1609D865009A5355 /* faidx.h */,
				6CF29ECF1609D865009A5355 /* faidx.o */,
				6CF29ED01609D865009A5355 /* INSTALL */,
				6CF29ED11609D865009A5355 /* kaln.c */,
				6CF29ED21609D865009A5355 /* kaln.h */,
				6CF29ED31609D865009A5355 /* kaln.o */,
				6CF29ED41609D865009A5355 /* khash.h */,
				6CF29ED51609D865009A5355 /* klist.h */,
				6CF29ED61609D865009A5355 /* knetfile.c */,
				6CF29ED71609D865009A5355 /* knetfile.h */,
				6CF29ED81609D865009A5355 /* knetfile.o */,
				6CF29ED91609D865009A5355 /* kprobaln.c */,
				6CF29EDA1609D865009A5355 /* kprobaln.h */,
				6CF29EDB1609D865009A5355 /* kprobaln.o */,
				6CF29EDC1609D865009A5355 /* kseq.h */,
				6CF29EDD1609D865009A5355 /* ksort.h */,
				6CF29EDE1609D865009A5355 /* kstring.c */,
				6CF29EDF1609D865009A5355 /* kstring.h */,
				6CF29EE01609D865009A5355 /* kstring.o */,
				6CF29EE11609D865009A5355 /* libbam.a */,
				6CF29EE21609D865009A5355 /* Makefile */,
				6CF29EE31609D865009A5355 /* Makefile.mingw */,
				6CF29EE41609D865009A5355 /* misc */,
				6CF29EE51609D865009A5355 /* NEWS */,
				6CF29EE61609D865009A5355 /* phase.c */,
				6CF29EE71609D865009A5355 /* phase.o */,
				6CF29EE81609D865009A5355 /* razf.c */,
				6CF29EE91609D865009A5355 /* razf.h */,
				6CF29EEA1609D865009A5355 /* razf.o */,
				6CF29EEB1609D865009A5355 /* razip.c */,
				6CF29EEC1609D865009A5355 /* sam.c */,
				6CF29EED1609D865009A5355 /* sam.h */,
				6CF29EEE1609D865009A5355 /* sam.o */,
				6CF29EEF1609D865009A5355 /* sam_header.c */,
				6CF29EF01609D865009A5355 /* sam_header.h */,
				6CF29EF11609D865009A5355 /* sam_header.o */,
				6CF29EF21609D865009A5355 /* sam_view.c */,
				6CF29EF31609D865009A5355 /* sam_view.o */,
				6CF29EF41609D865009A5355 /* sample.c */,
				6CF29EF51609D865009A5355 /* sample.h */,
				6CF29EF61609D865009A5355 /* sample.o */,
				6CF29EF71609D865009A5355 /* samtools */,
				6CF29EF81609D865009A5355 /* samtools.1 */,
				6CF29EF91609D865009A5355 /* win32 */,
			);
			sourceTree = "<group>";
		};
/* End PBXGroup section */

/* Begin PBXLegacyTarget section */
		6CF29E8F1609D864009A5355 /* samtools */ = {
			isa = PBXLegacyTarget;
			buildArgumentsString = "$(ACTION)";
			buildConfigurationList = 6CF29EFA1609D865009A5355 /* Build configuration list for PBXLegacyTarget "samtools" */;
			buildPhases = (
			);
			buildToolPath = /usr/bin/make;
			buildWorkingDirectory = /Users/ozagordi/Dropbox/Software/ShoRAH_project/samtools;
			dependencies = (
			);
			name = samtools;
			passBuildSettingsInEnvironment = 1;
			productName = samtools;
		};
/* End PBXLegacyTarget section */

/* Begin PBXProject section */
		6CF29E8A1609D864009A5355 /* Project object */ = {
			isa = PBXProject;
			attributes = {
				LastUpgradeCheck = 0450;
			};
			buildConfigurationList = 6CF29E8D1609D864009A5355 /* Build configuration list for PBXProject "samtools" */;
			compatibilityVersion = "Xcode 3.2";
			developmentRegion = English;
			hasScannedForEncodings = 0;
			knownRegions = (
				en,
			);
			mainGroup = 6CF29E881609D864009A5355;
			projectDirPath = "";
			projectRoot = "";
			targets = (
				6CF29E8F1609D864009A5355 /* samtools */,
			);
		};
/* End PBXProject section */

/* Begin XCBuildConfiguration section */
		6CF29E8B1609D864009A5355 /* Debug */ = {
			isa = XCBuildConfiguration;
			buildSettings = {
				ARCHS = "$(ARCHS_STANDARD_32_BIT)";
				COPY_PHASE_STRIP = NO;
				GCC_WARN_ABOUT_RETURN_TYPE = YES;
				GCC_WARN_UNUSED_VARIABLE = YES;
				ONLY_ACTIVE_ARCH = YES;
				SDKROOT = macosx;
			};
			name = Debug;
		};
		6CF29E8C1609D864009A5355 /* Release */ = {
			isa = XCBuildConfiguration;
			buildSettings = {
				ARCHS = "$(ARCHS_STANDARD_32_BIT)";
				COPY_PHASE_STRIP = YES;
				GCC_WARN_ABOUT_RETURN_TYPE = YES;
				GCC_WARN_UNUSED_VARIABLE = YES;
				SDKROOT = macosx;
			};
			name = Release;
		};
		6CF29EFB1609D865009A5355 /* Debug */ = {
			isa = XCBuildConfiguration;
			buildSettings = {
				COMBINE_HIDPI_IMAGES = YES;
				COPY_PHASE_STRIP = NO;
				DEBUGGING_SYMBOLS = YES;
				GCC_DYNAMIC_NO_PIC = NO;
				GCC_GENERATE_DEBUGGING_SYMBOLS = YES;
				GCC_OPTIMIZATION_LEVEL = 0;
				OTHER_CFLAGS = "";
				OTHER_LDFLAGS = "";
				PRODUCT_NAME = samtools;
			};
			name = Debug;
		};
		6CF29EFC1609D865009A5355 /* Release */ = {
			isa = XCBuildConfiguration;
			buildSettings = {
				COMBINE_HIDPI_IMAGES = YES;
				COPY_PHASE_STRIP = YES;
				DEBUG_INFORMATION_FORMAT = "dwarf-with-dsym";
				OTHER_CFLAGS = "";
				OTHER_LDFLAGS = "";
				PRODUCT_NAME = samtools;
			};
			name = Release;
		};
/* End XCBuildConfiguration section */

/* Begin XCConfigurationList section */
		6CF29E8D1609D864009A5355 /* Build configuration list for PBXProject "samtools" */ = {
			isa = XCConfigurationList;
			buildConfigurations = (
				6CF29E8B1609D864009A5355 /* Debug */,
				6CF29E8C1609D864009A5355 /* Release */,
			);
			defaultConfigurationIsVisible = 0;
			defaultConfigurationName = Release;
		};
		6CF29EFA1609D865009A5355 /* Build configuration list for PBXLegacyTarget "samtools" */ = {
			isa = XCConfigurationList;
			buildConfigurations = (
				6CF29EFB1609D865009A5355 /* Debug */,
				6CF29EFC1609D865009A5355 /* Release */,
			);
			defaultConfigurationIsVisible = 0;
			defaultConfigurationName = Release;
		};
/* End XCConfigurationList section */
	};
	rootObject = 6CF29E8A1609D864009A5355 /* Project object */;
}
